Microsoft Visual Studio Solution File, Format Version 12.00
# Visual Studio Version 17
VisualStudioVersion = 17.5.2.0
MinimumVisualStudioVersion = 10.0.40219.1
Project("{FAE04EC0-301F-11D3-BF4B-00C04F79EFBC}") = "DeShawnsDogWalking", "DeShawnsDogWalking.csproj", "{28BBB7DF-A633-E6B3-2E2B-622FB8C9F80A}"
EndProject
Global
	GlobalSection(SolutionConfigurationPlatforms) = preSolution
		Debug|Any CPU = Debug|Any CPU
		Release|Any CPU = Release|Any CPU
	EndGlobalSection
	GlobalSection(ProjectConfigurationPlatforms) = postSolution
		{28BBB7DF-A633-E6B3-2E2B-622FB8C9F80A}.Debug|Any CPU.ActiveCfg = Debug|Any CPU
		{28BBB7DF-A633-E6B3-2E2B-622FB8C9F80A}.Debug|Any CPU.Build.0 = Debug|Any CPU
		{28BBB7DF-A633-E6B3-2E2B-622FB8C9F80A}.Release|Any CPU.ActiveCfg = Release|Any CPU
		{28BBB7DF-A633-E6B3-2E2B-622FB8C9F80A}.Release|Any CPU.Build.0 = Release|Any CPU
	EndGlobalSection
	GlobalSection(SolutionProperties) = preSolution
		HideSolutionNode = FALSE
	EndGlobalSection
	GlobalSection(ExtensibilityGlobals) = postSolution
		SolutionGuid = {C2DD2675-CBC6-4C9B-9126-8B0239C69EAF}
	EndGlobalSection
EndGlobal
